
Microsoft Visual Studio Solution File, Format Version 12.00
# Visual Studio Version 17
VisualStudioVersion = 17.9.34728.123
MinimumVisualStudioVersion = 10.0.40219.1
Project("{FAE04EC0-301F-11D3-BF4B-00C04F79EFBC}") = "belajar-dotnet", "belajar-dotnet\belajar-dotnet.csproj", "{3C25775F-480B-4798-8B5E-582965EA73F1}"
EndProject
Global
	GlobalSection(SolutionConfigurationPlatforms) = preSolution
		Debug|Any CPU = Debug|Any CPU
		Release|Any CPU = Release|Any CPU
	EndGlobalSection
	GlobalSection(ProjectConfigurationPlatforms) = postSolution
		{3C25775F-480B-4798-8B5E-582965EA73F1}.Debug|Any CPU.ActiveCfg = Debug|Any CPU
		{3C25775F-480B-4798-8B5E-582965EA73F1}.Debug|Any CPU.Build.0 = Debug|Any CPU
		{3C25775F-480B-4798-8B5E-582965EA73F1}.Release|Any CPU.ActiveCfg = Release|Any CPU
		{3C25775F-480B-4798-8B5E-582965EA73F1}.Release|Any CPU.Build.0 = Release|Any CPU
	EndGlobalSection
	GlobalSection(SolutionProperties) = preSolution
		HideSolutionNode = FALSE
	EndGlobalSection
	GlobalSection(ExtensibilityGlobals) = postSolution
		SolutionGuid = {BF839D17-7A50-4A64-9FEF-C8A654EE0BBC}
	EndGlobalSection
EndGlobal
